
Microsoft Visual Studio Solution File, Format Version 12.00
# Visual Studio Version 17
VisualStudioVersion = 17.7.34202.233
MinimumVisualStudioVersion = 10.0.40219.1
Project("{FAE04EC0-301F-11D3-BF4B-00C04F79EFBC}") = "Factory", "Factory.csproj", "{B7501E62-93F4-4A2A-88AC-9782BFF48482}"
EndProject
Project("{FAE04EC0-301F-11D3-BF4B-00C04F79EFBC}") = "DependencyInversionPrinciple", "..\DependencyInversionPrinciple\DependencyInversionPrinciple.csproj", "{B03DB859-10AE-43F5-89C3-09C4ADA269C8}"
EndProject
Project("{FAE04EC0-301F-11D3-BF4B-00C04F79EFBC}") = "Prototype", "..\Prototype\Prototype.csproj", "{38759DEE-DB30-4EE2-9FF7-AD897B0982E1}"
EndProject
Global
	GlobalSection(SolutionConfigurationPlatforms) = preSolution
		Debug|Any CPU = Debug|Any CPU
		Release|Any CPU = Release|Any CPU
	EndGlobalSection
	GlobalSection(ProjectConfigurationPlatforms) = postSolution
		{B7501E62-93F4-4A2A-88AC-9782BFF48482}.Debug|Any CPU.ActiveCfg = Debug|Any CPU
		{B7501E62-93F4-4A2A-88AC-9782BFF48482}.Debug|Any CPU.Build.0 = Debug|Any CPU
		{B7501E62-93F4-4A2A-88AC-9782BFF48482}.Release|Any CPU.ActiveCfg = Release|Any CPU
		{B7501E62-93F4-4A2A-88AC-9782BFF48482}.Release|Any CPU.Build.0 = Release|Any CPU
		{B03DB859-10AE-43F5-89C3-09C4ADA269C8}.Debug|Any CPU.ActiveCfg = Debug|Any CPU
		{B03DB859-10AE-43F5-89C3-09C4ADA269C8}.Debug|Any CPU.Build.0 = Debug|Any CPU
		{B03DB859-10AE-43F5-89C3-09C4ADA269C8}.Release|Any CPU.ActiveCfg = Release|Any CPU
		{B03DB859-10AE-43F5-89C3-09C4ADA269C8}.Release|Any CPU.Build.0 = Release|Any CPU
		{38759DEE-DB30-4EE2-9FF7-AD897B0982E1}.Debug|Any CPU.ActiveCfg = Debug|Any CPU
		{38759DEE-DB30-4EE2-9FF7-AD897B0982E1}.Debug|Any CPU.Build.0 = Debug|Any CPU
		{38759DEE-DB30-4EE2-9FF7-AD897B0982E1}.Release|Any CPU.ActiveCfg = Release|Any CPU
		{38759DEE-DB30-4EE2-9FF7-AD897B0982E1}.Release|Any CPU.Build.0 = Release|Any CPU
	EndGlobalSection
	GlobalSection(SolutionProperties) = preSolution
		HideSolutionNode = FALSE
	EndGlobalSection
	GlobalSection(ExtensibilityGlobals) = postSolution
		SolutionGuid = {B30AC19A-6549-454D-A6D7-B9508B74B270}
	EndGlobalSection
EndGlobal
